
Microsoft Visual Studio Solution File, Format Version 12.00
# Visual Studio Version 16
VisualStudioVersion = 16.0.28803.156
MinimumVisualStudioVersion = 10.0.40219.1
Project("{FAE04EC0-301F-11D3-BF4B-00C04F79EFBC}") = "app_xamarin_listing_AL_AP.UWP", "app_xamarin_listing_AL_AP\app_xamarin_listing_AL_AP.UWP\app_xamarin_listing_AL_AP.UWP.csproj", "{B55DDDE3-2512-4D47-B814-6C4ECB9CD81F}"
EndProject
Project("{FAE04EC0-301F-11D3-BF4B-00C04F79EFBC}") = "app_xamarin_listing_AL_AP.Android", "app_xamarin_listing_AL_AP\app_xamarin_listing_AL_AP.Android\app_xamarin_listing_AL_AP.Android.csproj", "{BFA4E89E-10BA-4FA2-8345-536BEB20ECA1}"
EndProject
Project("{FAE04EC0-301F-11D3-BF4B-00C04F79EFBC}") = "app_xamarin_listing_AL_AP.iOS", "app_xamarin_listing_AL_AP\app_xamarin_listing_AL_AP.iOS\app_xamarin_listing_AL_AP.iOS.csproj", "{0AAE1185-A320-4A81-90ED-D168CDFDF147}"
EndProject
Project("{FAE04EC0-301F-11D3-BF4B-00C04F79EFBC}") = "app_xamarin_listing_AL_AP", "app_xamarin_listing_AL_AP\app_xamarin_listing_AL_AP\app_xamarin_listing_AL_AP.csproj", "{4AC76A78-2D99-4A5F-A910-1730B829932F}"
EndProject
Global
	GlobalSection(SolutionConfigurationPlatforms) = preSolution
		Debug|Any CPU = Debug|Any CPU
		Debug|ARM = Debug|ARM
		Debug|iPhone = Debug|iPhone
		Debug|iPhoneSimulator = Debug|iPhoneSimulator
		Debug|x64 = Debug|x64
		Debug|x86 = Debug|x86
		Release|Any CPU = Release|Any CPU
		Release|ARM = Release|ARM
		Release|iPhone = Release|iPhone
		Release|iPhoneSimulator = Release|iPhoneSimulator
		Release|x64 = Release|x64
		Release|x86 = Release|x86
	EndGlobalSection
	GlobalSection(ProjectConfigurationPlatforms) = postSolution
		{B55DDDE3-2512-4D47-B814-6C4ECB9CD81F}.Debug|Any CPU.ActiveCfg = Debug|x86
		{B55DDDE3-2512-4D47-B814-6C4ECB9CD81F}.Debug|Any CPU.Build.0 = Debug|x86
		{B55DDDE3-2512-4D47-B814-6C4ECB9CD81F}.Debug|Any CPU.Deploy.0 = Debug|x86
		{B55DDDE3-2512-4D47-B814-6C4ECB9CD81F}.Debug|ARM.ActiveCfg = Debug|ARM
		{B55DDDE3-2512-4D47-B814-6C4ECB9CD81F}.Debug|ARM.Build.0 = Debug|ARM
		{B55DDDE3-2512-4D47-B814-6C4ECB9CD81F}.Debug|ARM.Deploy.0 = Debug|ARM
		{B55DDDE3-2512-4D47-B814-6C4ECB9CD81F}.Debug|iPhone.ActiveCfg = Debug|x86
		{B55DDDE3-2512-4D47-B814-6C4ECB9CD81F}.Debug|iPhone.Build.0 = Debug|x86
		{B55DDDE3-2512-4D47-B814-6C4ECB9CD81F}.Debug|iPhone.Deploy.0 = Debug|x86
		{B55DDDE3-2512-4D47-B814-6C4ECB9CD81F}.Debug|iPhoneSimulator.ActiveCfg = Debug|x86
		{B55DDDE3-2512-4D47-B814-6C4ECB9CD81F}.Debug|iPhoneSimulator.Build.0 = Debug|x86
		{B55DDDE3-2512-4D47-B814-6C4ECB9CD81F}.Debug|iPhoneSimulator.Deploy.0 = Debug|x86
		{B55DDDE3-2512-4D47-B814-6C4ECB9CD81F}.Debug|x64.ActiveCfg = Debug|x64
		{B55DDDE3-2512-4D47-B814-6C4ECB9CD81F}.Debug|x64.Build.0 = Debug|x64
		{B55DDDE3-2512-4D47-B814-6C4ECB9CD81F}.Debug|x64.Deploy.0 = Debug|x64
		{B55DDDE3-2512-4D47-B814-6C4ECB9CD81F}.Debug|x86.ActiveCfg = Debug|x86
		{B55DDDE3-2512-4D47-B814-6C4ECB9CD81F}.Debug|x86.Build.0 = Debug|x86
		{B55DDDE3-2512-4D47-B814-6C4ECB9CD81F}.Debug|x86.Deploy.0 = Debug|x86
		{B55DDDE3-2512-4D47-B814-6C4ECB9CD81F}.Release|Any CPU.ActiveCfg = Release|x86
		{B55DDDE3-2512-4D47-B814-6C4ECB9CD81F}.Release|Any CPU.Build.0 = Release|x86
		{B55DDDE3-2512-4D47-B814-6C4ECB9CD81F}.Release|Any CPU.Deploy.0 = Release|x86
		{B55DDDE3-2512-4D47-B814-6C4ECB9CD81F}.Release|ARM.ActiveCfg = Release|ARM
		{B55DDDE3-2512-4D47-B814-6C4ECB9CD81F}.Release|ARM.Build.0 = Release|ARM
		{B55DDDE3-2512-4D47-B814-6C4ECB9CD81F}.Release|ARM.Deploy.0 = Release|ARM
		{B55DDDE3-2512-4D47-B814-6C4ECB9CD81F}.Release|iPhone.ActiveCfg = Release|x86
		{B55DDDE3-2512-4D47-B814-6C4ECB9CD81F}.Release|iPhone.Build.0 = Release|x86
		{B55DDDE3-2512-4D47-B814-6C4ECB9CD81F}.Release|iPhone.Deploy.0 = Release|x86
		{B55DDDE3-2512-4D47-B814-6C4ECB9CD81F}.Release|iPhoneSimulator.ActiveCfg = Release|x86
		{B55DDDE3-2512-4D47-B814-6C4ECB9CD81F}.Release|iPhoneSimulator.Build.0 = Release|x86
		{B55DDDE3-2512-4D47-B814-6C4ECB9CD81F}.Release|iPhoneSimulator.Deploy.0 = Release|x86
		{B55DDDE3-2512-4D47-B814-6C4ECB9CD81F}.Release|x64.ActiveCfg = Release|x64
		{B55DDDE3-2512-4D47-B814-6C4ECB9CD81F}.Release|x64.Build.0 = Release|x64
		{B55DDDE3-2512-4D47-B814-6C4ECB9CD81F}.Release|x64.Deploy.0 = Release|x64
		{B55DDDE3-2512-4D47-B814-6C4ECB9CD81F}.Release|x86.ActiveCfg = Release|x86
		{B55DDDE3-2512-4D47-B814-6C4ECB9CD81F}.Release|x86.Build.0 = Release|x86
		{B55DDDE3-2512-4D47-B814-6C4ECB9CD81F}.Release|x86.Deploy.0 = Release|x86
		{BFA4E89E-10BA-4FA2-8345-536BEB20ECA1}.Debug|Any CPU.ActiveCfg = Debug|Any CPU
		{BFA4E89E-10BA-4FA2-8345-536BEB20ECA1}.Debug|Any CPU.Build.0 = Debug|Any CPU
		{BFA4E89E-10BA-4FA2-8345-536BEB20ECA1}.Debug|Any CPU.Deploy.0 = Debug|Any CPU
		{BFA4E89E-10BA-4FA2-8345-536BEB20ECA1}.Debug|ARM.ActiveCfg = Debug|Any CPU
		{BFA4E89E-10BA-4FA2-8345-536BEB20ECA1}.Debug|ARM.Build.0 = Debug|Any CPU
		{BFA4E89E-10BA-4FA2-8345-536BEB20ECA1}.Debug|ARM.Deploy.0 = Debug|Any CPU
		{BFA4E89E-10BA-4FA2-8345-536BEB20ECA1}.Debug|iPhone.ActiveCfg = Debug|Any CPU
		{BFA4E89E-10BA-4FA2-8345-536BEB20ECA1}.Debug|iPhone.Build.0 = Debug|Any CPU
		{BFA4E89E-10BA-4FA2-8345-536BEB20ECA1}.Debug|iPhone.Deploy.0 = Debug|Any CPU
		{BFA4E89E-10BA-4FA2-8345-536BEB20ECA1}.Debug|iPhoneSimulator.ActiveCfg = Debug|Any CPU
		{BFA4E89E-10BA-4FA2-8345-536BEB20ECA1}.Debug|iPhoneSimulator.Build.0 = Debug|Any CPU
		{BFA4E89E-10BA-4FA2-8345-536BEB20ECA1}.Debug|iPhoneSimulator.Deploy.0 = Debug|Any CPU
		{BFA4E89E-10BA-4FA2-8345-536BEB20ECA1}.Debug|x64.ActiveCfg = Debug|Any CPU
		{BFA4E89E-10BA-4FA2-8345-536BEB20ECA1}.Debug|x64.Build.0 = Debug|Any CPU
		{BFA4E89E-10BA-4FA2-8345-536BEB20ECA1}.Debug|x64.Deploy.0 = Debug|Any CPU
		{BFA4E89E-10BA-4FA2-8345-536BEB20ECA1}.Debug|x86.ActiveCfg = Debug|Any CPU
		{BFA4E89E-10BA-4FA2-8345-536BEB20ECA1}.Debug|x86.Build.0 = Debug|Any CPU
		{BFA4E89E-10BA-4FA2-8345-536BEB20ECA1}.Debug|x86.Deploy.0 = Debug|Any CPU
		{BFA4E89E-10BA-4FA2-8345-536BEB20ECA1}.Release|Any CPU.ActiveCfg = Release|Any CPU
		{BFA4E89E-10BA-4FA2-8345-536BEB20ECA1}.Release|Any CPU.Build.0 = Release|Any CPU
		{BFA4E89E-10BA-4FA2-8345-536BEB20ECA1}.Release|Any CPU.Deploy.0 = Release|Any CPU
		{BFA4E89E-10BA-4FA2-8345-536BEB20ECA1}.Release|ARM.ActiveCfg = Release|Any CPU
		{BFA4E89E-10BA-4FA2-8345-536BEB20ECA1}.Release|ARM.Build.0 = Release|Any CPU
		{BFA4E89E-10BA-4FA2-8345-536BEB20ECA1}.Release|ARM.Deploy.0 = Release|Any CPU
		{BFA4E89E-10BA-4FA2-8345-536BEB20ECA1}.Release|iPhone.ActiveCfg = Release|Any CPU
		{BFA4E89E-10BA-4FA2-8345-536BEB20ECA1}.Release|iPhone.Build.0 = Release|Any CPU
		{BFA4E89E-10BA-4FA2-8345-536BEB20ECA1}.Release|iPhone.Deploy.0 = Release|Any CPU
		{BFA4E89E-10BA-4FA2-8345-536BEB20ECA1}.Release|iPhoneSimulator.ActiveCfg = Release|Any CPU
		{BFA4E89E-10BA-4FA2-8345-536BEB20ECA1}.Release|iPhoneSimulator.Build.0 = Release|Any CPU
		{BFA4E89E-10BA-4FA2-8345-536BEB20ECA1}.Release|iPhoneSimulator.Deploy.0 = Release|Any CPU
		{BFA4E89E-10BA-4FA2-8345-536BEB20ECA1}.Release|x64.ActiveCfg = Release|Any CPU
		{BFA4E89E-10BA-4FA2-8345-536BEB20ECA1}.Release|x64.Build.0 = Release|Any CPU
		{BFA4E89E-10BA-4FA2-8345-536BEB20ECA1}.Release|x64.Deploy.0 = Release|Any CPU
		{BFA4E89E-10BA-4FA2-8345-536BEB20ECA1}.Release|x86.ActiveCfg = Release|Any CPU
		{BFA4E89E-10BA-4FA2-8345-536BEB20ECA1}.Release|x86.Build.0 = Release|Any CPU
		{BFA4E89E-10BA-4FA2-8345-536BEB20ECA1}.Release|x86.Deploy.0 = Release|Any CPU
		{0AAE1185-A320-4A81-90ED-D168CDFDF147}.Debug|Any CPU.ActiveCfg = Debug|iPhone
		{0AAE1185-A320-4A81-90ED-D168CDFDF147}.Debug|Any CPU.Build.0 = Debug|iPhone
		{0AAE1185-A320-4A81-90ED-D168CDFDF147}.Debug|Any CPU.Deploy.0 = Debug|iPhone
		{0AAE1185-A320-4A81-90ED-D168CDFDF147}.Debug|ARM.ActiveCfg = Debug|iPhoneSimulator
		{0AAE1185-A320-4A81-90ED-D168CDFDF147}.Debug|ARM.Build.0 = Debug|iPhoneSimulator
		{0AAE1185-A320-4A81-90ED-D168CDFDF147}.Debug|ARM.Deploy.0 = Debug|iPhoneSimulator
		{0AAE1185-A320-4A81-90ED-D168CDFDF147}.Debug|iPhone.ActiveCfg = Debug|iPhone
		{0AAE1185-A320-4A81-90ED-D168CDFDF147}.Debug|iPhone.Build.0 = Debug|iPhone
		{0AAE1185-A320-4A81-90ED-D168CDFDF147}.Debug|iPhone.Deploy.0 = Debug|iPhone
		{0AAE1185-A320-4A81-90ED-D168CDFDF147}.Debug|iPhoneSimulator.ActiveCfg = Debug|iPhoneSimulator
		{0AAE1185-A320-4A81-90ED-D168CDFDF147}.Debug|iPhoneSimulator.Build.0 = Debug|iPhoneSimulator
		{0AAE1185-A320-4A81-90ED-D168CDFDF147}.Debug|iPhoneSimulator.Deploy.0 = Debug|iPhoneSimulator
		{0AAE1185-A320-4A81-90ED-D168CDFDF147}.Debug|x64.ActiveCfg = Debug|iPhone
		{0AAE1185-A320-4A81-90ED-D168CDFDF147}.Debug|x64.Build.0 = Debug|iPhone
		{0AAE1185-A320-4A81-90ED-D168CDFDF147}.Debug|x64.Deploy.0 = Debug|iPhone
		{0AAE1185-A320-4A81-90ED-D168CDFDF147}.Debug|x86.ActiveCfg = Debug|iPhone
		{0AAE1185-A320-4A81-90ED-D168CDFDF147}.Debug|x86.Build.0 = Debug|iPhone
		{0AAE1185-A320-4A81-90ED-D168CDFDF147}.Debug|x86.Deploy.0 = Debug|iPhone
		{0AAE1185-A320-4A81-90ED-D168CDFDF147}.Release|Any CPU.ActiveCfg = Release|iPhone
		{0AAE1185-A320-4A81-90ED-D168CDFDF147}.Release|Any CPU.Build.0 = Release|iPhone
		{0AAE1185-A320-4A81-90ED-D168CDFDF147}.Release|Any CPU.Deploy.0 = Release|iPhone
		{0AAE1185-A320-4A81-90ED-D168CDFDF147}.Release|ARM.ActiveCfg = Release|iPhone
		{0AAE1185-A320-4A81-90ED-D168CDFDF147}.Release|ARM.Build.0 = Release|iPhone
		{0AAE1185-A320-4A81-90ED-D168CDFDF147}.Release|ARM.Deploy.0 = Release|iPhone
		{0AAE1185-A320-4A81-90ED-D168CDFDF147}.Release|iPhone.ActiveCfg = Release|iPhone
		{0AAE1185-A320-4A81-90ED-D168CDFDF147}.Release|iPhone.Build.0 = Release|iPhone
		{0AAE1185-A320-4A81-90ED-D168CDFDF147}.Release|iPhone.Deploy.0 = Release|iPhone
		{0AAE1185-A320-4A81-90ED-D168CDFDF147}.Release|iPhoneSimulator.ActiveCfg = Release|iPhoneSimulator
		{0AAE1185-A320-4A81-90ED-D168CDFDF147}.Release|iPhoneSimulator.Build.0 = Release|iPhoneSimulator
		{0AAE1185-A320-4A81-90ED-D168CDFDF147}.Release|iPhoneSimulator.Deploy.0 = Release|iPhoneSimulator
		{0AAE1185-A320-4A81-90ED-D168CDFDF147}.Release|x64.ActiveCfg = Release|iPhone
		{0AAE1185-A320-4A81-90ED-D168CDFDF147}.Release|x64.Build.0 = Release|iPhone
		{0AAE1185-A320-4A81-90ED-D168CDFDF147}.Release|x64.Deploy.0 = Release|iPhone
		{0AAE1185-A320-4A81-90ED-D168CDFDF147}.Release|x86.ActiveCfg = Release|iPhone
		{0AAE1185-A320-4A81-90ED-D168CDFDF147}.Release|x86.Build.0 = Release|iPhone
		{0AAE1185-A320-4A81-90ED-D168CDFDF147}.Release|x86.Deploy.0 = Release|iPhone
		{4AC76A78-2D99-4A5F-A910-1730B829932F}.Debug|Any CPU.ActiveCfg = Debug|Any CPU
		{4AC76A78-2D99-4A5F-A910-1730B829932F}.Debug|Any CPU.Build.0 = Debug|Any CPU
		{4AC76A78-2D99-4A5F-A910-1730B829932F}.Debug|Any CPU.Deploy.0 = Debug|Any CPU
		{4AC76A78-2D99-4A5F-A910-1730B829932F}.Debug|ARM.ActiveCfg = Debug|Any CPU
		{4AC76A78-2D99-4A5F-A910-1730B829932F}.Debug|ARM.Build.0 = Debug|Any CPU
		{4AC76A78-2D99-4A5F-A910-1730B829932F}.Debug|ARM.Deploy.0 = Debug|Any CPU
		{4AC76A78-2D99-4A5F-A910-1730B829932F}.Debug|iPhone.ActiveCfg = Debug|Any CPU
		{4AC76A78-2D99-4A5F-A910-1730B829932F}.Debug|iPhone.Build.0 = Debug|Any CPU
		{4AC76A78-2D99-4A5F-A910-1730B829932F}.Debug|iPhone.Deploy.0 = Debug|Any CPU
		{4AC76A78-2D99-4A5F-A910-1730B829932F}.Debug|iPhoneSimulator.ActiveCfg = Debug|Any CPU
		{4AC76A78-2D99-4A5F-A910-1730B829932F}.Debug|iPhoneSimulator.Build.0 = Debug|Any CPU
		{4AC76A78-2D99-4A5F-A910-1730B829932F}.Debug|iPhoneSimulator.Deploy.0 = Debug|Any CPU
		{4AC76A78-2D99-4A5F-A910-1730B829932F}.Debug|x64.ActiveCfg = Debug|Any CPU
		{4AC76A78-2D99-4A5F-A910-1730B829932F}.Debug|x64.Build.0 = Debug|Any CPU
		{4AC76A78-2D99-4A5F-A910-1730B829932F}.Debug|x64.Deploy.0 = Debug|Any CPU
		{4AC76A78-2D99-4A5F-A910-1730B829932F}.Debug|x86.ActiveCfg = Debug|Any CPU
		{4AC76A78-2D99-4A5F-A910-1730B829932F}.Debug|x86.Build.0 = Debug|Any CPU
		{4AC76A78-2D99-4A5F-A910-1730B829932F}.Debug|x86.Deploy.0 = Debug|Any CPU
		{4AC76A78-2D99-4A5F-A910-1730B829932F}.Release|Any CPU.ActiveCfg = Release|Any CPU
		{4AC76A78-2D99-4A5F-A910-1730B829932F}.Release|Any CPU.Build.0 = Release|Any CPU
		{4AC76A78-2D99-4A5F-A910-1730B829932F}.Release|Any CPU.Deploy.0 = Release|Any CPU
		{4AC76A78-2D99-4A5F-A910-1730B829932F}.Release|ARM.ActiveCfg = Release|Any CPU
		{4AC76A78-2D99-4A5F-A910-1730B829932F}.Release|ARM.Build.0 = Release|Any CPU
		{4AC76A78-2D99-4A5F-A910-1730B829932F}.Release|ARM.Deploy.0 = Release|Any CPU
		{4AC76A78-2D99-4A5F-A910-1730B829932F}.Release|iPhone.ActiveCfg = Release|Any CPU
		{4AC76A78-2D99-4A5F-A910-1730B829932F}.Release|iPhone.Build.0 = Release|Any CPU
		{4AC76A78-2D99-4A5F-A910-1730B829932F}.Release|iPhone.Deploy.0 = Release|Any CPU
		{4AC76A78-2D99-4A5F-A910-1730B829932F}.Release|iPhoneSimulator.ActiveCfg = Release|Any CPU
		{4AC76A78-2D99-4A5F-A910-1730B829932F}.Release|iPhoneSimulator.Build.0 = Release|Any CPU
		{4AC76A78-2D99-4A5F-A910-1730B829932F}.Release|iPhoneSimulator.Deploy.0 = Release|Any CPU
		{4AC76A78-2D99-4A5F-A910-1730B829932F}.Release|x64.ActiveCfg = Release|Any CPU
		{4AC76A78-2D99-4A5F-A910-1730B829932F}.Release|x64.Build.0 = Release|Any CPU
		{4AC76A78-2D99-4A5F-A910-1730B829932F}.Release|x64.Deploy.0 = Release|Any CPU
		{4AC76A78-2D99-4A5F-A910-1730B829932F}.Release|x86.ActiveCfg = Release|Any CPU
		{4AC76A78-2D99-4A5F-A910-1730B829932F}.Release|x86.Build.0 = Release|Any CPU
		{4AC76A78-2D99-4A5F-A910-1730B829932F}.Release|x86.Deploy.0 = Release|Any CPU
	EndGlobalSection
	GlobalSection(SolutionProperties) = preSolution
		HideSolutionNode = FALSE
	EndGlobalSection
	GlobalSection(ExtensibilityGlobals) = postSolution
		SolutionGuid = {9A82D130-E4BD-4DC7-B0C6-B79F5AABEEA0}
	EndGlobalSection
EndGlobal
